
Microsoft Visual Studio Solution File, Format Version 12.00
# Visual Studio 14
VisualStudioVersion = 14.0.24720.0
MinimumVisualStudioVersion = 10.0.40219.1
Project("{FAE04EC0-301F-11D3-BF4B-00C04F79EFBC}") = "REALEditor", "REALEditor\REALEditor.csproj", "{055C2CBF-FD73-49FB-B3B6-07565052B580}"
EndProject
Project("{FAE04EC0-301F-11D3-BF4B-00C04F79EFBC}") = "RealEditorCustomControls", "RealEditorCustomControls\RealEditorCustomControls.csproj", "{6A3BE1B1-12CC-44CD-8C7E-5FF89E7F9819}"
EndProject
Project("{FAE04EC0-301F-11D3-BF4B-00C04F79EFBC}") = "RealEditor.Common", "RealEditor.Common\RealEditor.Common.csproj", "{CB087976-53E6-420C-A57B-EB471742190B}"
EndProject
Project("{FAE04EC0-301F-11D3-BF4B-00C04F79EFBC}") = "XnaEmbededControls", "XnaEmbededControls\XnaEmbededControls.csproj", "{1DBCC920-9E40-4370-BDF6-58467E8F3F99}"
EndProject
Project("{FAE04EC0-301F-11D3-BF4B-00C04F79EFBC}") = "REALProjectManagement", "REALProjectManagement\REALProjectManagement.csproj", "{59144E38-AD7B-42E3-9A2A-57474C014176}"
EndProject
Global
	GlobalSection(SolutionConfigurationPlatforms) = preSolution
		Debug|Any CPU = Debug|Any CPU
		Debug|ARM = Debug|ARM
		Debug|x64 = Debug|x64
		Debug|x86 = Debug|x86
		Release|Any CPU = Release|Any CPU
		Release|ARM = Release|ARM
		Release|x64 = Release|x64
		Release|x86 = Release|x86
	EndGlobalSection
	GlobalSection(ProjectConfigurationPlatforms) = postSolution
		{055C2CBF-FD73-49FB-B3B6-07565052B580}.Debug|Any CPU.ActiveCfg = Debug|Any CPU
		{055C2CBF-FD73-49FB-B3B6-07565052B580}.Debug|Any CPU.Build.0 = Debug|Any CPU
		{055C2CBF-FD73-49FB-B3B6-07565052B580}.Debug|ARM.ActiveCfg = Debug|Any CPU
		{055C2CBF-FD73-49FB-B3B6-07565052B580}.Debug|ARM.Build.0 = Debug|Any CPU
		{055C2CBF-FD73-49FB-B3B6-07565052B580}.Debug|x64.ActiveCfg = Debug|Any CPU
		{055C2CBF-FD73-49FB-B3B6-07565052B580}.Debug|x64.Build.0 = Debug|Any CPU
		{055C2CBF-FD73-49FB-B3B6-07565052B580}.Debug|x86.ActiveCfg = Debug|Any CPU
		{055C2CBF-FD73-49FB-B3B6-07565052B580}.Debug|x86.Build.0 = Debug|Any CPU
		{055C2CBF-FD73-49FB-B3B6-07565052B580}.Release|Any CPU.ActiveCfg = Release|Any CPU
		{055C2CBF-FD73-49FB-B3B6-07565052B580}.Release|Any CPU.Build.0 = Release|Any CPU
		{055C2CBF-FD73-49FB-B3B6-07565052B580}.Release|ARM.ActiveCfg = Release|Any CPU
		{055C2CBF-FD73-49FB-B3B6-07565052B580}.Release|ARM.Build.0 = Release|Any CPU
		{055C2CBF-FD73-49FB-B3B6-07565052B580}.Release|x64.ActiveCfg = Release|Any CPU
		{055C2CBF-FD73-49FB-B3B6-07565052B580}.Release|x64.Build.0 = Release|Any CPU
		{055C2CBF-FD73-49FB-B3B6-07565052B580}.Release|x86.ActiveCfg = Release|Any CPU
		{055C2CBF-FD73-49FB-B3B6-07565052B580}.Release|x86.Build.0 = Release|Any CPU
		{6A3BE1B1-12CC-44CD-8C7E-5FF89E7F9819}.Debug|Any CPU.ActiveCfg = Debug|Any CPU
		{6A3BE1B1-12CC-44CD-8C7E-5FF89E7F9819}.Debug|Any CPU.Build.0 = Debug|Any CPU
		{6A3BE1B1-12CC-44CD-8C7E-5FF89E7F9819}.Debug|ARM.ActiveCfg = Debug|Any CPU
		{6A3BE1B1-12CC-44CD-8C7E-5FF89E7F9819}.Debug|ARM.Build.0 = Debug|Any CPU
		{6A3BE1B1-12CC-44CD-8C7E-5FF89E7F9819}.Debug|x64.ActiveCfg = Debug|Any CPU
		{6A3BE1B1-12CC-44CD-8C7E-5FF89E7F9819}.Debug|x64.Build.0 = Debug|Any CPU
		{6A3BE1B1-12CC-44CD-8C7E-5FF89E7F9819}.Debug|x86.ActiveCfg = Debug|Any CPU
		{6A3BE1B1-12CC-44CD-8C7E-5FF89E7F9819}.Debug|x86.Build.0 = Debug|Any CPU
		{6A3BE1B1-12CC-44CD-8C7E-5FF89E7F9819}.Release|Any CPU.ActiveCfg = Release|Any CPU
		{6A3BE1B1-12CC-44CD-8C7E-5FF89E7F9819}.Release|Any CPU.Build.0 = Release|Any CPU
		{6A3BE1B1-12CC-44CD-8C7E-5FF89E7F9819}.Release|ARM.ActiveCfg = Release|Any CPU
		{6A3BE1B1-12CC-44CD-8C7E-5FF89E7F9819}.Release|ARM.Build.0 = Release|Any CPU
		{6A3BE1B1-12CC-44CD-8C7E-5FF89E7F9819}.Release|x64.ActiveCfg = Release|Any CPU
		{6A3BE1B1-12CC-44CD-8C7E-5FF89E7F9819}.Release|x64.Build.0 = Release|Any CPU
		{6A3BE1B1-12CC-44CD-8C7E-5FF89E7F9819}.Release|x86.ActiveCfg = Release|Any CPU
		{6A3BE1B1-12CC-44CD-8C7E-5FF89E7F9819}.Release|x86.Build.0 = Release|Any CPU
		{CB087976-53E6-420C-A57B-EB471742190B}.Debug|Any CPU.ActiveCfg = Debug|Any CPU
		{CB087976-53E6-420C-A57B-EB471742190B}.Debug|Any CPU.Build.0 = Debug|Any CPU
		{CB087976-53E6-420C-A57B-EB471742190B}.Debug|ARM.ActiveCfg = Debug|Any CPU
		{CB087976-53E6-420C-A57B-EB471742190B}.Debug|ARM.Build.0 = Debug|Any CPU
		{CB087976-53E6-420C-A57B-EB471742190B}.Debug|x64.ActiveCfg = Debug|Any CPU
		{CB087976-53E6-420C-A57B-EB471742190B}.Debug|x64.Build.0 = Debug|Any CPU
		{CB087976-53E6-420C-A57B-EB471742190B}.Debug|x86.ActiveCfg = Debug|Any CPU
		{CB087976-53E6-420C-A57B-EB471742190B}.Debug|x86.Build.0 = Debug|Any CPU
		{CB087976-53E6-420C-A57B-EB471742190B}.Release|Any CPU.ActiveCfg = Release|Any CPU
		{CB087976-53E6-420C-A57B-EB471742190B}.Release|Any CPU.Build.0 = Release|Any CPU
		{CB087976-53E6-420C-A57B-EB471742190B}.Release|ARM.ActiveCfg = Release|Any CPU
		{CB087976-53E6-420C-A57B-EB471742190B}.Release|ARM.Build.0 = Release|Any CPU
		{CB087976-53E6-420C-A57B-EB471742190B}.Release|x64.ActiveCfg = Release|Any CPU
		{CB087976-53E6-420C-A57B-EB471742190B}.Release|x64.Build.0 = Release|Any CPU
		{CB087976-53E6-420C-A57B-EB471742190B}.Release|x86.ActiveCfg = Release|Any CPU
		{CB087976-53E6-420C-A57B-EB471742190B}.Release|x86.Build.0 = Release|Any CPU
		{1DBCC920-9E40-4370-BDF6-58467E8F3F99}.Debug|Any CPU.ActiveCfg = Debug|Any CPU
		{1DBCC920-9E40-4370-BDF6-58467E8F3F99}.Debug|Any CPU.Build.0 = Debug|Any CPU
		{1DBCC920-9E40-4370-BDF6-58467E8F3F99}.Debug|ARM.ActiveCfg = Debug|Any CPU
		{1DBCC920-9E40-4370-BDF6-58467E8F3F99}.Debug|ARM.Build.0 = Debug|Any CPU
		{1DBCC920-9E40-4370-BDF6-58467E8F3F99}.Debug|x64.ActiveCfg = Debug|Any CPU
		{1DBCC920-9E40-4370-BDF6-58467E8F3F99}.Debug|x64.Build.0 = Debug|Any CPU
		{1DBCC920-9E40-4370-BDF6-58467E8F3F99}.Debug|x86.ActiveCfg = Debug|Any CPU
		{1DBCC920-9E40-4370-BDF6-58467E8F3F99}.Debug|x86.Build.0 = Debug|Any CPU
		{1DBCC920-9E40-4370-BDF6-58467E8F3F99}.Release|Any CPU.ActiveCfg = Release|Any CPU
		{1DBCC920-9E40-4370-BDF6-58467E8F3F99}.Release|Any CPU.Build.0 = Release|Any CPU
		{1DBCC920-9E40-4370-BDF6-58467E8F3F99}.Release|ARM.ActiveCfg = Release|Any CPU
		{1DBCC920-9E40-4370-BDF6-58467E8F3F99}.Release|ARM.Build.0 = Release|Any CPU
		{1DBCC920-9E40-4370-BDF6-58467E8F3F99}.Release|x64.ActiveCfg = Release|Any CPU
		{1DBCC920-9E40-4370-BDF6-58467E8F3F99}.Release|x64.Build.0 = Release|Any CPU
		{1DBCC920-9E40-4370-BDF6-58467E8F3F99}.Release|x86.ActiveCfg = Release|Any CPU
		{1DBCC920-9E40-4370-BDF6-58467E8F3F99}.Release|x86.Build.0 = Release|Any CPU
		{59144E38-AD7B-42E3-9A2A-57474C014176}.Debug|Any CPU.ActiveCfg = Debug|Any CPU
		{59144E38-AD7B-42E3-9A2A-57474C014176}.Debug|Any CPU.Build.0 = Debug|Any CPU
		{59144E38-AD7B-42E3-9A2A-57474C014176}.Debug|ARM.ActiveCfg = Debug|Any CPU
		{59144E38-AD7B-42E3-9A2A-57474C014176}.Debug|ARM.Build.0 = Debug|Any CPU
		{59144E38-AD7B-42E3-9A2A-57474C014176}.Debug|x64.ActiveCfg = Debug|Any CPU
		{59144E38-AD7B-42E3-9A2A-57474C014176}.Debug|x64.Build.0 = Debug|Any CPU
		{59144E38-AD7B-42E3-9A2A-57474C014176}.Debug|x86.ActiveCfg = Debug|Any CPU
		{59144E38-AD7B-42E3-9A2A-57474C014176}.Debug|x86.Build.0 = Debug|Any CPU
		{59144E38-AD7B-42E3-9A2A-57474C014176}.Release|Any CPU.ActiveCfg = Release|Any CPU
		{59144E38-AD7B-42E3-9A2A-57474C014176}.Release|Any CPU.Build.0 = Release|Any CPU
		{59144E38-AD7B-42E3-9A2A-57474C014176}.Release|ARM.ActiveCfg = Release|Any CPU
		{59144E38-AD7B-42E3-9A2A-57474C014176}.Release|ARM.Build.0 = Release|Any CPU
		{59144E38-AD7B-42E3-9A2A-57474C014176}.Release|x64.ActiveCfg = Release|Any CPU
		{59144E38-AD7B-42E3-9A2A-57474C014176}.Release|x64.Build.0 = Release|Any CPU
		{59144E38-AD7B-42E3-9A2A-57474C014176}.Release|x86.ActiveCfg = Release|Any CPU
		{59144E38-AD7B-42E3-9A2A-57474C014176}.Release|x86.Build.0 = Release|Any CPU
	EndGlobalSection
	GlobalSection(SolutionProperties) = preSolution
		HideSolutionNode = FALSE
	EndGlobalSection
EndGlobal
